{
    "_meta": {
        "hash": {
            "sha256": "0407759d933e35d65bcc99d04293e2335cb2693ce069b65f692b44f181e8d1a0"
        },
        "pipfile-spec": 6,
        "requires": {
            "python_version": "3.8"
        },
        "sources": [
            {
                "name": "pypi",
                "url": "https://pypi.org/simple",
                "verify_ssl": true
            }
        ]
    },
    "default": {
        "asgiref": {
            "hashes": [
                "sha256:4ef1ab46b484e3c706329cedeff284a5d40824200638503f5768edb6de7d58e9",
                "sha256:ffc141aa908e6f175673e7b1b3b7af4fdb0ecb738fc5c8b88f69f055c2415214"
            ],
            "markers": "python_version >= '3.6'",
            "version": "==3.4.1"
        },
        "certifi": {
            "hashes": [
                "sha256:2bbf76fd432960138b3ef6dda3dde0544f27cbf8546c458e60baf371917ba9ee",
                "sha256:50b1e4f8446b06f41be7dd6338db18e0990601dce795c2b1686458aa7e8fa7d8"
            ],
            "version": "==2021.5.30"
        },
        "cffi": {
            "hashes": [
                "sha256:06c54a68935738d206570b20da5ef2b6b6d92b38ef3ec45c5422c0ebaf338d4d",
                "sha256:0c0591bee64e438883b0c92a7bed78f6290d40bf02e54c5bf0978eaf36061771",
                "sha256:19ca0dbdeda3b2615421d54bef8985f72af6e0c47082a8d26122adac81a95872",
                "sha256:22b9c3c320171c108e903d61a3723b51e37aaa8c81255b5e7ce102775bd01e2c",
                "sha256:26bb2549b72708c833f5abe62b756176022a7b9a7f689b571e74c8478ead51dc",
                "sha256:33791e8a2dc2953f28b8d8d300dde42dd929ac28f974c4b4c6272cb2955cb762",
                "sha256:3c8d896becff2fa653dc4438b54a5a25a971d1f4110b32bd3068db3722c80202",
                "sha256:4373612d59c404baeb7cbd788a18b2b2a8331abcc84c3ba40051fcd18b17a4d5",
                "sha256:487d63e1454627c8e47dd230025780e91869cfba4c753a74fda196a1f6ad6548",
                "sha256:48916e459c54c4a70e52745639f1db524542140433599e13911b2f329834276a",
                "sha256:4922cd707b25e623b902c86188aca466d3620892db76c0bdd7b99a3d5e61d35f",
                "sha256:55af55e32ae468e9946f741a5d51f9896da6b9bf0bbdd326843fec05c730eb20",
                "sha256:57e555a9feb4a8460415f1aac331a2dc833b1115284f7ded7278b54afc5bd218",
                "sha256:5d4b68e216fc65e9fe4f524c177b54964af043dde734807586cf5435af84045c",
                "sha256:64fda793737bc4037521d4899be780534b9aea552eb673b9833b01f945904c2e",
                "sha256:6d6169cb3c6c2ad50db5b868db6491a790300ade1ed5d1da29289d73bbe40b56",
                "sha256:7bcac9a2b4fdbed2c16fa5681356d7121ecabf041f18d97ed5b8e0dd38a80224",
                "sha256:80b06212075346b5546b0417b9f2bf467fea3bfe7352f781ffc05a8ab24ba14a",
                "sha256:818014c754cd3dba7229c0f5884396264d51ffb87ec86e927ef0be140bfdb0d2",
                "sha256:8eb687582ed7cd8c4bdbff3df6c0da443eb89c3c72e6e5dcdd9c81729712791a",
                "sha256:99f27fefe34c37ba9875f224a8f36e31d744d8083e00f520f133cab79ad5e819",
                "sha256:9f3e33c28cd39d1b655ed1ba7247133b6f7fc16fa16887b120c0c670e35ce346",
                "sha256:a8661b2ce9694ca01c529bfa204dbb144b275a31685a075ce123f12331be790b",
                "sha256:a9da7010cec5a12193d1af9872a00888f396aba3dc79186604a09ea3ee7c029e",
                "sha256:aedb15f0a5a5949ecb129a82b72b19df97bbbca024081ed2ef88bd5c0a610534",
                "sha256:b315d709717a99f4b27b59b021e6207c64620790ca3e0bde636a6c7f14618abb",
                "sha256:ba6f2b3f452e150945d58f4badd92310449876c4c954836cfb1803bdd7b422f0",
                "sha256:c33d18eb6e6bc36f09d793c0dc58b0211fccc6ae5149b808da4a62660678b156",
                "sha256:c9a875ce9d7fe32887784274dd533c57909b7b1dcadcc128a2ac21331a9765dd",
                "sha256:c9e005e9bd57bc987764c32a1bee4364c44fdc11a3cc20a40b93b444984f2b87",
                "sha256:d2ad4d668a5c0645d281dcd17aff2be3212bc109b33814bbb15c4939f44181cc",
                "sha256:d950695ae4381ecd856bcaf2b1e866720e4ab9a1498cba61c602e56630ca7195",
                "sha256:e22dcb48709fc51a7b58a927391b23ab37eb3737a98ac4338e2448bef8559b33",
                "sha256:e8c6a99be100371dbb046880e7a282152aa5d6127ae01783e37662ef73850d8f",
                "sha256:e9dc245e3ac69c92ee4c167fbdd7428ec1956d4e754223124991ef29eb57a09d",
                "sha256:eb687a11f0a7a1839719edd80f41e459cc5366857ecbed383ff376c4e3cc6afd",
                "sha256:eb9e2a346c5238a30a746893f23a9535e700f8192a68c07c0258e7ece6ff3728",
                "sha256:ed38b924ce794e505647f7c331b22a693bee1538fdf46b0222c4717b42f744e7",
                "sha256:f0010c6f9d1a4011e429109fda55a225921e3206e7f62a0c22a35344bfd13cca",
                "sha256:f0c5d1acbfca6ebdd6b1e3eded8d261affb6ddcf2186205518f1428b8569bb99",
                "sha256:f10afb1004f102c7868ebfe91c28f4a712227fe4cb24974350ace1f90e1febbf",
                "sha256:f174135f5609428cc6e1b9090f9268f5c8935fddb1b25ccb8255a2d50de6789e",
                "sha256:f3ebe6e73c319340830a9b2825d32eb6d8475c1dac020b4f0aa774ee3b898d1c",
                "sha256:f627688813d0a4140153ff532537fbe4afea5a3dffce1f9deb7f91f848a832b5",
                "sha256:fd4305f86f53dfd8cd3522269ed7fc34856a8ee3709a5e28b2836b2db9d4cd69"
            ],
            "version": "==1.14.6"
        },
        "charset-normalizer": {
            "hashes": [
                "sha256:5d209c0a931f215cee683b6445e2d77677e7e75e159f78def0db09d68fafcaa6",
                "sha256:5ec46d183433dcbd0ab716f2d7f29d8dee50505b3fdb40c6b985c7c4f5a3591f"
            ],
            "markers": "python_version >= '3'",
            "version": "==2.0.6"
        },
        "coverage": {
            "hashes": [
                "sha256:0fc4e0d91350d6f43ef6a61f64a48e917637e1dcfcba4b4b7d543c628ef82c2d",
                "sha256:10f2a618a6e75adf64329f828a6a5b40244c1c50f5ef4ce4109e904e69c71bd2",
                "sha256:12eaccd86d9a373aea59869bc9cfa0ab6ba8b1477752110cb4c10d165474f703",
                "sha256:1874bdc943654ba46d28f179c1846f5710eda3aeb265ff029e0ac2b52daae404",
                "sha256:1dcebae667b73fd4aa69237e6afb39abc2f27520f2358590c1b13dd90e32abe7",
                "sha256:1e58fca3d9ec1a423f1b7f2aa34af4f733cbfa9020c8fe39ca451b6071237405",
                "sha256:214eb2110217f2636a9329bc766507ab71a3a06a8ea30cdeebb47c24dce5972d",
                "sha256:25fe74b5b2f1b4abb11e103bb7984daca8f8292683957d0738cd692f6a7cc64c",
                "sha256:32ecee61a43be509b91a526819717d5e5650e009a8d5eda8631a59c721d5f3b6",
                "sha256:3740b796015b889e46c260ff18b84683fa2e30f0f75a171fb10d2bf9fb91fc70",
                "sha256:3b2c34690f613525672697910894b60d15800ac7e779fbd0fccf532486c1ba40",
                "sha256:41d88736c42f4a22c494c32cc48a05828236e37c991bd9760f8923415e3169e4",
                "sha256:42fa45a29f1059eda4d3c7b509589cc0343cd6bbf083d6118216830cd1a51613",
                "sha256:4bb385a747e6ae8a65290b3df60d6c8a692a5599dc66c9fa3520e667886f2e10",
                "sha256:509294f3e76d3f26b35083973fbc952e01e1727656d979b11182f273f08aa80b",
                "sha256:5c74c5b6045969b07c9fb36b665c9cac84d6c174a809fc1b21bdc06c7836d9a0",
                "sha256:60a3d36297b65c7f78329b80120f72947140f45b5c7a017ea730f9112b40f2ec",
                "sha256:6f91b4492c5cde83bfe462f5b2b997cdf96a138f7c58b1140f05de5751623cf1",
                "sha256:7403675df5e27745571aba1c957c7da2dacb537c21e14007ec3a417bf31f7f3d",
                "sha256:87bdc8135b8ee739840eee19b184804e5d57f518578ffc797f5afa2c3c297913",
                "sha256:8a3decd12e7934d0254939e2bf434bf04a5890c5bf91a982685021786a08087e",
                "sha256:9702e2cb1c6dec01fb8e1a64c015817c0800a6eca287552c47a5ee0ebddccf62",
                "sha256:a4d511012beb967a39580ba7d2549edf1e6865a33e5fe51e4dce550522b3ac0e",
                "sha256:bbb387811f7a18bdc61a2ea3d102be0c7e239b0db9c83be7bfa50f095db5b92a",
                "sha256:bfcc811883699ed49afc58b1ed9f80428a18eb9166422bce3c31a53dba00fd1d",
                "sha256:c32aa13cc3fe86b0f744dfe35a7f879ee33ac0a560684fef0f3e1580352b818f",
                "sha256:ca63dae130a2e788f2b249200f01d7fa240f24da0596501d387a50e57aa7075e",
                "sha256:d54d7ea74cc00482a2410d63bf10aa34ebe1c49ac50779652106c867f9986d6b",
                "sha256:d67599521dff98ec8c34cd9652cbcfe16ed076a2209625fca9dc7419b6370e5c",
                "sha256:d82db1b9a92cb5c67661ca6616bdca6ff931deceebb98eecbd328812dab52032",
                "sha256:d9ad0a988ae20face62520785ec3595a5e64f35a21762a57d115dae0b8fb894a",
                "sha256:ebf2431b2d457ae5217f3a1179533c456f3272ded16f8ed0b32961a6d90e38ee",
                "sha256:ed9a21502e9223f563e071759f769c3d6a2e1ba5328c31e86830368e8d78bc9c",
                "sha256:f50632ef2d749f541ca8e6c07c9928a37f87505ce3a9f20c8446ad310f1aa87b"
            ],
            "index": "pypi",
            "version": "==5.2"
        },
        "cryptography": {
            "hashes": [
                "sha256:0a7dcbcd3f1913f664aca35d47c1331fce738d44ec34b7be8b9d332151b0b01e",
                "sha256:1eb7bb0df6f6f583dd8e054689def236255161ebbcf62b226454ab9ec663746b",
                "sha256:21ca464b3a4b8d8e86ba0ee5045e103a1fcfac3b39319727bc0fc58c09c6aff7",
                "sha256:34dae04a0dce5730d8eb7894eab617d8a70d0c97da76b905de9efb7128ad7085",
                "sha256:3520667fda779eb788ea00080124875be18f2d8f0848ec00733c0ec3bb8219fc",
                "sha256:3c4129fc3fdc0fa8e40861b5ac0c673315b3c902bbdc05fc176764815b43dd1d",
                "sha256:3fa3a7ccf96e826affdf1a0a9432be74dc73423125c8f96a909e3835a5ef194a",
                "sha256:5b0fbfae7ff7febdb74b574055c7466da334a5371f253732d7e2e7525d570498",
                "sha256:695104a9223a7239d155d7627ad912953b540929ef97ae0c34c7b8bf30857e89",
                "sha256:8695456444f277af73a4877db9fc979849cd3ee74c198d04fc0776ebc3db52b9",
                "sha256:94cc5ed4ceaefcbe5bf38c8fba6a21fc1d365bb8fb826ea1688e3370b2e24a1c",
                "sha256:94fff993ee9bc1b2440d3b7243d488c6a3d9724cc2b09cdb297f6a886d040ef7",
                "sha256:9965c46c674ba8cc572bc09a03f4c649292ee73e1b683adb1ce81e82e9a6a0fb",
                "sha256:a00cf305f07b26c351d8d4e1af84ad7501eca8a342dedf24a7acb0e7b7406e14",
                "sha256:a305600e7a6b7b855cd798e00278161b681ad6e9b7eca94c721d5f588ab212af",
                "sha256:cd65b60cfe004790c795cc35f272e41a3df4631e2fb6b35aa7ac6ef2859d554e",
                "sha256:d2a6e5ef66503da51d2110edf6c403dc6b494cc0082f85db12f54e9c5d4c3ec5",
                "sha256:d9ec0e67a14f9d1d48dd87a2531009a9b251c02ea42851c060b25c782516ff06",
                "sha256:f44d141b8c4ea5eb4dbc9b3ad992d45580c1d22bf5e24363f2fbf50c2d7ae8a7"
            ],
            "markers": "python_version >= '3.6'",
            "version": "==3.4.8"
        },
        "defusedxml": {
            "hashes": [
                "sha256:1bb3032db185915b62d7c6209c5a8792be6a32ab2fedacc84e01b52c51aa3e69",
                "sha256:a352e7e428770286cc899e2542b6cdaedb2b4953ff269a210103ec58f6198a61"
            ],
            "markers": "python_version >= '2.7' and python_version not in '3.0, 3.1, 3.2, 3.3, 3.4'",
            "version": "==0.7.1"
        },
        "django": {
            "hashes": [
                "sha256:9f8be75646f62204320b195062b1d696ba28aa3d45ee72fb7c888ffaebc5bdb2",
                "sha256:a6e0d1ff11095b7394c079ade7094c73b2dc3df4a7a373c9b58ed73b77a97feb"
            ],
            "index": "pypi",
            "version": "==3.1.13"
        },
        "django-appconf": {
            "hashes": [
                "sha256:1b1d0e1069c843ebe8ae5aa48ec52403b1440402b320c3e3a206a0907e97bb06",
                "sha256:be58deb54a43d77d2e1621fe59f787681376d3cd0b8bd8e4758ef6c3a6453380"
            ],
            "version": "==1.0.4"
        },
        "django-awesome-avatar": {
            "hashes": [
                "sha256:f21efe208db74e78abcaa4bcf47ba95419db5ba7babc936d2561db655488910c"
            ],
            "index": "pypi",
            "version": "==1.1.3"
        },
        "django-ckeditor": {
            "hashes": [
                "sha256:71c3c7bb46b0cbfb9712ef64af0d2a406eab233f44ecd7c42c24bdfa39ae3bde",
                "sha256:e4d112851a72c5bf8b586e1c674d34084cab16d28f2553ad15cc770d1e9639c7"
            ],
            "index": "pypi",
            "version": "==5.9.0"
        },
        "django-crispy-forms": {
            "hashes": [
                "sha256:ad943285508f0ed0e271d00399b9399c22b8795a4f969029bce0fd29522a8e2d",
                "sha256:fbe9c2c9698b6590afe37940cb08194d1e722015f6bc5bee83f679362406ea30"
            ],
            "index": "pypi",
            "version": "==1.9.1"
        },
        "django-cryptography": {
            "hashes": [
                "sha256:0a99980b1cee7cc5e52f9b20b322620fea7cc124d770273e7bd285b20fd9d222",
                "sha256:13de5cf8f1250744c104b9e24774d03aa6d8488959dd40cdc016934043652445"
            ],
            "index": "pypi",
            "version": "==1.0"
        },
        "django-filter": {
            "hashes": [
                "sha256:11e63dd759835d9ba7a763926ffb2662cf8a6dcb4c7971a95064de34dbc7e5af",
                "sha256:616848eab6fc50193a1b3730140c49b60c57a3eda1f7fc57fa8505ac156c6c75"
            ],
            "index": "pypi",
            "version": "==2.3.0"
        },
        "django-js-asset": {
            "hashes": [
                "sha256:8ec12017f26eec524cab436c64ae73033368a372970af4cf42d9354fcb166bdd",
                "sha256:c163ae80d2e0b22d8fb598047cd0dcef31f81830e127cfecae278ad574167260"
            ],
            "version": "==1.2.2"
        },
        "django-mptt": {
            "hashes": [
                "sha256:90eb236eb4f1a92124bd7c37852bbe09c0d21158477cc237556d59842a91c509",
                "sha256:dfdb3af75ad27cdd4458b0544ec8574174f2b90f99bc2cafab6a15b4bc1895a8"
            ],
            "index": "pypi",
            "version": "==0.11.0"
        },
        "django-oauth-toolkit": {
            "hashes": [
                "sha256:28508f83385ab4313936ddedfb310eaa8a1dcb737153d2956383ce47e75c2fab",
                "sha256:d5a1044af9419ddc048390c5974777ea97874e5b78e33c609e17eebb8423afb2"
            ],
            "index": "pypi",
            "version": "==1.3.2"
        },
        "django-widget-tweaks": {
            "hashes": [
                "sha256:9f91ca4217199b7671971d3c1f323a2bec71a0c27dec6260b3c006fa541bc489",
                "sha256:f80bff4a8a59b278bb277a405a76a8b9a884e4bae7a6c70e78a39c626cd1c836"
            ],
            "index": "pypi",
            "version": "==1.4.8"
        },
        "djangorestframework": {
            "hashes": [
                "sha256:5cc724dc4b076463497837269107e1995b1fbc917468d1b92d188fd1af9ea789",
                "sha256:a5967b68a04e0d97d10f4df228e30f5a2d82ba63b9d03e1759f84993b7bf1b53"
            ],
            "index": "pypi",
            "version": "==3.11.2"
        },
        "httpie": {
            "hashes": [
                "sha256:31ac28088ee6a0b6f3ba7a53379000c4d1910c1708c9ff768f84b111c14405a0",
                "sha256:aab111d347a3059ba507aa9339c621e5cae6658cc96f365cd6a32ae0fb6ad8aa"
            ],
            "index": "pypi",
            "version": "==2.2.0"
        },
        "idna": {
            "hashes": [
                "sha256:14475042e284991034cb48e06f6851428fb14c4dc953acd9be9a5e95c7b6dd7a",
                "sha256:467fbad99067910785144ce333826c71fb0e63a425657295239737f7ecd125f3"
            ],
            "markers": "python_version >= '3'",
            "version": "==3.2"
        },
        "isort": {
            "hashes": [
                "sha256:46bd31573158ac69e598a2ab14b207e6a43a2b2872009d2ad0f62f179876037a",
                "sha256:6bc0b408d7c62e331d355085914dd28fd352635f6babd5e4605702ff3b6d9c09"
            ],
            "index": "pypi",
            "version": "==5.0.7"
        },
        "lazy-object-proxy": {
            "hashes": [
                "sha256:0aef3fa29f7d1194d6f8a99382b1b844e5a14d3bc1ef82c3b1c4fb7e7e2019bc",
                "sha256:159ae2bbb4dc3ba506aeba868d14e56a754c0be402d1f0d7fdb264e0bdf2b095",
                "sha256:161a68a427022bf13e249458be2cb8da56b055988c584d372a917c665825ae9a",
                "sha256:2d58f0e6395bf41087a383a48b06b42165f3b699f1aa41ba201db84ab77be63d",
                "sha256:311c9d1840042fc8e2dd80fc80272a7ea73e7646745556153c9cda85a4628b18",
                "sha256:35c3ad7b7f7d5d4a54a80f0ff5a41ab186237d6486843f8dde00c42cfab33905",
                "sha256:459ef557e669d0046fe2b92eb4822c097c00b5ef9d11df0f9bd7d4267acdfc52",
                "sha256:4a50513b6be001b9b7be2c435478fe9669249c77c241813907a44cda1fcd03f4",
                "sha256:51035b175740c44707694c521560b55b66da9d5a7c545cf22582bc02deb61664",
                "sha256:96f2cdb35bdfda10e075f12892a42cff5179bbda698992b845f36c5e92755d33",
                "sha256:a0aed261060cd0372abf08d16399b1224dbb5b400312e6b00f2b23eabe1d4e96",
                "sha256:a6052c4c7d95de2345d9c58fc0fe34fff6c27a8ed8550dafeb18ada84406cc99",
                "sha256:cbf1354292a4f7abb6a0188f74f5e902e4510ebad105be1dbc4809d1ed92f77e",
                "sha256:da82b2372f5ded8806eaac95b19af89a7174efdb418d4e7beb0c6ab09cee7d95",
                "sha256:dd89f466c930d7cfe84c94b5cbe862867c88b269f23e5aa61d40945e0d746f54",
                "sha256:e3183fbeb452ec11670c2d9bfd08a57bc87e46856b24d1c335f995239bedd0e1",
                "sha256:e9a571e7168076a0d5ecaabd91e9032e86d815cca3a4bf0dafead539ef071aa5",
                "sha256:ec6aba217d0c4f71cbe48aea962a382dedcd111f47b55e8b58d4aaca519bd360"
            ],
            "index": "pypi",
            "version": "==1.5.0"
        },
        "markdown": {
            "hashes": [
                "sha256:1fafe3f1ecabfb514a5285fca634a53c1b32a81cb0feb154264d55bf2ff22c17",
                "sha256:c467cd6233885534bf0fe96e62e3cf46cfc1605112356c4f9981512b8174de59"
            ],
            "index": "pypi",
            "version": "==3.2.2"
        },
        "markdown2": {
            "hashes": [
                "sha256:89526090907ae5ece66d783c434b35c29ee500c1986309e306ce2346273ada6a",
                "sha256:e6b401ec80b75e76a6b3dbb2c8ade513156fa55fa6c30b9640a1abf6184a07c8"
            ],
            "index": "pypi",
            "version": "==2.3.9"
        },
        "model-bakery": {
            "hashes": [
                "sha256:44321cded0e130c31e3cdd7589f8c3d551e12e9ebcc8425aff800dfeaf91539a",
                "sha256:aea339f47aa3b044d1a6d62f54c04686285fa0397a05de29ec6809a2a6f9bdc5"
            ],
            "index": "pypi",
            "version": "==1.1.0"
        },
        "oauthlib": {
            "hashes": [
                "sha256:42bf6354c2ed8c6acb54d971fce6f88193d97297e18602a3a886603f9d7730cc",
                "sha256:8f0215fcc533dd8dd1bee6f4c412d4f0cd7297307d43ac61666389e3bc3198a3"
            ],
            "markers": "python_version >= '3.6'",
            "version": "==3.1.1"
        },
        "pillow": {
            "hashes": [
                "sha256:01bb0a34f1a6689b138c0089d670ae2e8f886d2666a9b2f2019031abdea673c4",
                "sha256:07872f1d8421db5a3fe770f7480835e5e90fddb58f36c216d4a2ac0d594de474",
                "sha256:1022f8f6dc3c5b0dcf928f1c49ba2ac73051f576af100d57776e2b65c1f76a8d",
                "sha256:14415e9e28410232370615dbde0cf0a00e526f522f665460344a5b96973a3086",
                "sha256:172acfaf00434a28dddfe592d83f2980e22e63c769ff4a448ddf7b7a38ffd165",
                "sha256:1c5e3c36f02c815766ae9dd91899b1c5b4652f2a37b7a51609f3bd467c0f11fb",
                "sha256:292f2aa1ae5c5c1451cb4b558addb88c257411d3fd71c6cf45562911baffc979",
                "sha256:2a40d7d4b17db87f5b9a1efc0aff56000e1d0d5ece415090c102aafa0ccbe858",
                "sha256:2f0d7034d5faae9a8d1019d152ede924f653df2ce77d3bba4ce62cd21b5f94ae",
                "sha256:33fdbd4f5608c852d97264f9d2e3b54e9e9959083d008145175b86100b275e5b",
                "sha256:3b13d89d97b551e02549d1f0edf22bed6acfd6fd2e888cd1e9a953bf215f0e81",
                "sha256:3e759bcc03d6f39bc751e56d86bc87252b9a21c689a27c5ed753717a87d53a5b",
                "sha256:3ec87bd1248b23a2e4e19e774367fbe30fddc73913edc5f9b37470624f55dc1f",
                "sha256:436b0a2dd9fe3f7aa6a444af6bdf53c1eb8f5ced9ea3ef104daa83f0ea18e7bc",
                "sha256:43b3c859912e8bf754b3c5142df624794b18eb7ae07cfeddc917e1a9406a3ef2",
                "sha256:4fe74636ee71c57a7f65d7b21a9f127d842b4fb75511e5d256ace258826eb352",
                "sha256:59445af66b59cc39530b4f810776928d75e95f41e945f0c32a3de4aceb93c15d",
                "sha256:69da5b1d7102a61ce9b45deb2920a2012d52fd8f4201495ea9411d0071b0ec22",
                "sha256:7094bbdecb95ebe53166e4c12cf5e28310c2b550b08c07c5dc15433898e2238e",
                "sha256:8211cac9bf10461f9e33fe9a3af6c5131f3fdd0d10672afc2abb2c70cf95c5ca",
                "sha256:8cf77e458bd996dc85455f10fe443c0c946f5b13253773439bcbec08aa1aebc2",
                "sha256:924fc33cb4acaf6267b8ca3b8f1922620d57a28470d5e4f49672cea9a841eb08",
                "sha256:99ce3333b40b7a4435e0a18baad468d44ab118a4b1da0af0a888893d03253f1d",
                "sha256:a7d690b2c5f7e4a932374615fedceb1e305d2dd5363c1de15961725fe10e7d16",
                "sha256:b9af590adc1e46898a1276527f3cfe2da8048ae43fbbf9b1bf9395f6c99d9b47",
                "sha256:bb18422ad00c1fecc731d06592e99c3be2c634da19e26942ba2f13d805005cf2",
                "sha256:c10af40ee2f1a99e1ae755ab1f773916e8bca3364029a042cd9161c400416bd8",
                "sha256:c143c409e7bc1db784471fe9d0bf95f37c4458e879ad84cfae640cb74ee11a26",
                "sha256:c448d2b335e21951416a30cd48d35588d122a912d5fe9e41900afacecc7d21a1",
                "sha256:d30f30c044bdc0ab8f3924e1eeaac87e0ff8a27e87369c5cac4064b6ec78fd83",
                "sha256:df534e64d4f3e84e8f1e1a37da3f541555d947c1c1c09b32178537f0f243f69d",
                "sha256:f6fc18f9c9c7959bf58e6faf801d14fafb6d4717faaf6f79a68c8bb2a13dcf20",
                "sha256:ff83dfeb04c98bb3e7948f876c17513a34e9a19fd92e292288649164924c1b39"
            ],
            "index": "pypi",
            "version": "==8.1.1"
        },
        "pycparser": {
            "hashes": [
                "sha256:2d475327684562c3a96cc71adf7dc8c4f0565175cf86b6d7a404ff4c771f15f0",
                "sha256:7582ad22678f0fcd81102833f60ef8d0e57288b6b5fb00323d101be910e35705"
            ],
            "markers": "python_version >= '2.7' and python_version not in '3.0, 3.1, 3.2, 3.3'",
            "version": "==2.20"
        },
        "pygments": {
            "hashes": [
                "sha256:647344a061c249a3b74e230c739f434d7ea4d8b1d5f3721bc0f3558049b38f44",
                "sha256:ff7a40b4860b727ab48fad6360eb351cc1b33cbf9b15a0f689ca5353e9463324"
            ],
            "index": "pypi",
            "version": "==2.6.1"
        },
        "pyjwt": {
            "hashes": [
                "sha256:934d73fbba91b0483d3857d1aff50e96b2a892384ee2c17417ed3203f173fca1",
                "sha256:fba44e7898bbca160a2b2b501f492824fc8382485d3a6f11ba5d0c1937ce6130"
            ],
            "markers": "python_version >= '3.6'",
            "version": "==2.1.0"
        },
        "python-decouple": {
            "hashes": [
                "sha256:55c546b85b0c47a15a47a4312d451a437f7344a9be3e001660bccd93b637de95"
            ],
            "index": "pypi",
            "version": "==3.3"
        },
        "python3-openid": {
            "hashes": [
                "sha256:33fbf6928f401e0b790151ed2b5290b02545e8775f982485205a066f874aaeaf",
                "sha256:6626f771e0417486701e0b4daff762e7212e820ca5b29fcc0d05f6f8736dfa6b"
            ],
            "version": "==3.2.0"
        },
        "pytz": {
            "hashes": [
                "sha256:83a4a90894bf38e243cf052c8b58f381bfe9a7a483f6a9cab140bc7f702ac4da",
                "sha256:eb10ce3e7736052ed3623d49975ce333bcd712c7bb19a58b9e2089d4057d0798"
            ],
            "version": "==2021.1"
        },
        "requests": {
            "hashes": [
                "sha256:6c1246513ecd5ecd4528a0906f910e8f0f9c6b8ec72030dc9fd154dc1a6efd24",
                "sha256:b8aa58f8cf793ffd8782d3d8cb19e66ef36f7aba4353eec859e74678b01b07a7"
            ],
            "markers": "python_version >= '2.7' and python_version not in '3.0, 3.1, 3.2, 3.3, 3.4, 3.5'",
            "version": "==2.26.0"
        },
        "requests-oauthlib": {
            "hashes": [
                "sha256:7f71572defaecd16372f9006f33c2ec8c077c3cfa6f5911a9a90202beb513f3d",
                "sha256:b4261601a71fd721a8bd6d7aa1cc1d6a8a93b4a9f5e96626f8e4d91e8beeaa6a",
                "sha256:fa6c47b933f01060936d87ae9327fead68768b69c6c9ea2109c48be30f2d4dbc"
            ],
            "version": "==1.3.0"
        },
        "six": {
            "hashes": [
                "sha256:30639c035cdb23534cd4aa2dd52c3bf48f06e5f4a941509c8bafd8ce11080259",
                "sha256:8b74bedcbbbaca38ff6d7491d76f2b06b3592611af620f8426e82dddb04a5ced"
            ],
            "index": "pypi",
            "version": "==1.15.0"
        },
        "social-auth-app-django": {
            "hashes": [
                "sha256:2c69e57df0b30c9c1823519c5f1992cbe4f3f98fdc7d95c840e091a752708840",
                "sha256:567ad0e028311541d7dfed51d3bf2c60440a6fd236d5d4d06c5a618b3d6c57c5",
                "sha256:df5212370bd250108987c4748419a1a1d0cec750878856c2644c36aaa0fd3e58"
            ],
            "index": "pypi",
            "version": "==4.0.0"
        },
        "social-auth-core": {
            "hashes": [
                "sha256:5ab43b3b15dce5f059db69cc3082c216574739f0edbc98629c8c6e8769c67eb4",
                "sha256:983b53167ac56e7ba4909db555602a6e7a98c97ca47183bb222eb85ba627bf2b"
            ],
            "markers": "python_version >= '3.6'",
            "version": "==4.1.0"
        },
        "sqlparse": {
            "hashes": [
                "sha256:0c00730c74263a94e5a9919ade150dfc3b19c574389985446148402998287dae",
                "sha256:48719e356bb8b42991bdbb1e8b83223757b93789c00910a616a071910ca4a64d"
            ],
            "markers": "python_version >= '3.5'",
            "version": "==0.4.2"
        },
        "urllib3": {
            "hashes": [
                "sha256:4987c65554f7a2dbf30c18fd48778ef124af6fab771a377103da0585e2336ece",
                "sha256:c4fdf4019605b6e5423637e01bc9fe4daef873709a7973e195ceba0a62bbc844"
            ],
            "markers": "python_version >= '2.7' and python_version not in '3.0, 3.1, 3.2, 3.3, 3.4' and python_version < '4'",
            "version": "==1.26.7"
        }
    },
    "develop": {
        "astroid": {
            "hashes": [
                "sha256:87ae7f2398b8a0ae5638ddecf9987f081b756e0e9fc071aeebdca525671fc4dc",
                "sha256:b31c92f545517dcc452f284bc9c044050862fbe6d93d2b3de4a215a6b384bf0d"
            ],
            "markers": "python_version >= '3.6'",
            "version": "==2.5"
        },
        "autopep8": {
            "hashes": [
                "sha256:60fd8c4341bab59963dafd5d2a566e94f547e660b9b396f772afe67d8481dbf0"
            ],
            "index": "pypi",
            "version": "==1.5.3"
        },
        "isort": {
            "hashes": [
                "sha256:46bd31573158ac69e598a2ab14b207e6a43a2b2872009d2ad0f62f179876037a",
                "sha256:6bc0b408d7c62e331d355085914dd28fd352635f6babd5e4605702ff3b6d9c09"
            ],
            "index": "pypi",
            "version": "==5.0.7"
        },
        "lazy-object-proxy": {
            "hashes": [
                "sha256:0aef3fa29f7d1194d6f8a99382b1b844e5a14d3bc1ef82c3b1c4fb7e7e2019bc",
                "sha256:159ae2bbb4dc3ba506aeba868d14e56a754c0be402d1f0d7fdb264e0bdf2b095",
                "sha256:161a68a427022bf13e249458be2cb8da56b055988c584d372a917c665825ae9a",
                "sha256:2d58f0e6395bf41087a383a48b06b42165f3b699f1aa41ba201db84ab77be63d",
                "sha256:311c9d1840042fc8e2dd80fc80272a7ea73e7646745556153c9cda85a4628b18",
                "sha256:35c3ad7b7f7d5d4a54a80f0ff5a41ab186237d6486843f8dde00c42cfab33905",
                "sha256:459ef557e669d0046fe2b92eb4822c097c00b5ef9d11df0f9bd7d4267acdfc52",
                "sha256:4a50513b6be001b9b7be2c435478fe9669249c77c241813907a44cda1fcd03f4",
                "sha256:51035b175740c44707694c521560b55b66da9d5a7c545cf22582bc02deb61664",
                "sha256:96f2cdb35bdfda10e075f12892a42cff5179bbda698992b845f36c5e92755d33",
                "sha256:a0aed261060cd0372abf08d16399b1224dbb5b400312e6b00f2b23eabe1d4e96",
                "sha256:a6052c4c7d95de2345d9c58fc0fe34fff6c27a8ed8550dafeb18ada84406cc99",
                "sha256:cbf1354292a4f7abb6a0188f74f5e902e4510ebad105be1dbc4809d1ed92f77e",
                "sha256:da82b2372f5ded8806eaac95b19af89a7174efdb418d4e7beb0c6ab09cee7d95",
                "sha256:dd89f466c930d7cfe84c94b5cbe862867c88b269f23e5aa61d40945e0d746f54",
                "sha256:e3183fbeb452ec11670c2d9bfd08a57bc87e46856b24d1c335f995239bedd0e1",
                "sha256:e9a571e7168076a0d5ecaabd91e9032e86d815cca3a4bf0dafead539ef071aa5",
                "sha256:ec6aba217d0c4f71cbe48aea962a382dedcd111f47b55e8b58d4aaca519bd360"
            ],
            "index": "pypi",
            "version": "==1.5.0"
        },
        "mccabe": {
            "hashes": [
                "sha256:ab8a6258860da4b6677da4bd2fe5dc2c659cff31b3ee4f7f5d64e79735b80d42",
                "sha256:dd8d182285a0fe56bace7f45b5e7d1a6ebcbf524e8f3bd87eb0f125271b8831f"
            ],
            "version": "==0.6.1"
        },
        "pycodestyle": {
            "hashes": [
                "sha256:514f76d918fcc0b55c6680472f0a37970994e07bbb80725808c17089be302068",
                "sha256:c389c1d06bf7904078ca03399a4816f974a1d590090fecea0c63ec26ebaf1cef"
            ],
            "markers": "python_version >= '2.7' and python_version not in '3.0, 3.1, 3.2, 3.3'",
            "version": "==2.7.0"
        },
        "pylint": {
            "hashes": [
                "sha256:7dd78437f2d8d019717dbf287772d0b2dbdfd13fc016aa7faa08d67bccc46adc",
                "sha256:d0ece7d223fe422088b0e8f13fa0a1e8eb745ebffcb8ed53d3e95394b6101a1c"
            ],
            "index": "pypi",
            "version": "==2.5.3"
        },
        "toml": {
            "hashes": [
                "sha256:806143ae5bfb6a3c6e736a764057db0e6a0e05e338b5630894a5f779cabb4f9b",
                "sha256:b3bda1d108d5dd99f4a20d24d9c348e91c4db7ab1b749200bded2f839ccbe68f"
            ],
            "markers": "python_version >= '2.6' and python_version not in '3.0, 3.1, 3.2, 3.3'",
            "version": "==0.10.2"
        },
        "wrapt": {
            "hashes": [
                "sha256:b62ffa81fb85f4332a4f609cab4ac40709470da05643a082ec1eb88e6d9b97d7"
            ],
            "version": "==1.12.1"
        }
    }
}
